
Microsoft Visual Studio Solution File, Format Version 12.00
Project("{FAE04EC0-301F-11D3-BF4B-00C04F79EFBC}") = "TDDCalculator", "TDDCalculator\TDDCalculator.csproj", "{52063889-33B8-4E84-B610-4AC7DEC016B5}"
EndProject
Project("{FAE04EC0-301F-11D3-BF4B-00C04F79EFBC}") = "TDDCalculator.UnitTests", "TDDCalculator.UnitTests\TDDCalculator.UnitTests.csproj", "{D8D8E03D-4855-4BEA-B883-A2351D5A7AD3}"
EndProject
Global
	GlobalSection(SolutionConfigurationPlatforms) = preSolution
		Debug|Any CPU = Debug|Any CPU
		Release|Any CPU = Release|Any CPU
	EndGlobalSection
	GlobalSection(ProjectConfigurationPlatforms) = postSolution
		{52063889-33B8-4E84-B610-4AC7DEC016B5}.Debug|Any CPU.ActiveCfg = Debug|Any CPU
		{52063889-33B8-4E84-B610-4AC7DEC016B5}.Debug|Any CPU.Build.0 = Debug|Any CPU
		{52063889-33B8-4E84-B610-4AC7DEC016B5}.Release|Any CPU.ActiveCfg = Release|Any CPU
		{52063889-33B8-4E84-B610-4AC7DEC016B5}.Release|Any CPU.Build.0 = Release|Any CPU
		{D8D8E03D-4855-4BEA-B883-A2351D5A7AD3}.Debug|Any CPU.ActiveCfg = Debug|Any CPU
		{D8D8E03D-4855-4BEA-B883-A2351D5A7AD3}.Debug|Any CPU.Build.0 = Debug|Any CPU
		{D8D8E03D-4855-4BEA-B883-A2351D5A7AD3}.Release|Any CPU.ActiveCfg = Release|Any CPU
		{D8D8E03D-4855-4BEA-B883-A2351D5A7AD3}.Release|Any CPU.Build.0 = Release|Any CPU
	EndGlobalSection
EndGlobal
